// !$*UTF8*$!
{
	archiveVersion = 1;
	classes = {
	};
	objectVersion = 46;
	objects = {

/* Begin PBXBuildFile section */
		3F3F5FAA9650358716D333BF /* Pods_Echo.framework in Frameworks */ = {isa = PBXBuildFile; fileRef = 3CC98FD07CA0D61A98F60776 /* Pods_Echo.framework */; };
		A23D1FC01D170F74008BA24C /* GoogleService-Info.plist in Resources */ = {isa = PBXBuildFile; fileRef = A23D1FBF1D170F74008BA24C /* GoogleService-Info.plist */; };
		A23D1FC61D1719B0008BA24C /* UsersViewController.swift in Sources */ = {isa = PBXBuildFile; fileRef = A23D1FC51D1719B0008BA24C /* UsersViewController.swift */; };
		A2C131591D1707F200C2C83E /* AppDelegate.swift in Sources */ = {isa = PBXBuildFile; fileRef = A2C131581D1707F200C2C83E /* AppDelegate.swift */; };
		A2C131601D1707F200C2C83E /* Main.storyboard in Resources */ = {isa = PBXBuildFile; fileRef = A2C1315E1D1707F200C2C83E /* Main.storyboard */; };
		A2C131621D1707F200C2C83E /* Assets.xcassets in Resources */ = {isa = PBXBuildFile; fileRef = A2C131611D1707F200C2C83E /* Assets.xcassets */; };
		A2C131651D1707F200C2C83E /* LaunchScreen.storyboard in Resources */ = {isa = PBXBuildFile; fileRef = A2C131631D1707F200C2C83E /* LaunchScreen.storyboard */; };
/* End PBXBuildFile section */

/* Begin PBXFileReference section */
		3CC98FD07CA0D61A98F60776 /* Pods_Echo.framework */ = {isa = PBXFileReference; explicitFileType = wrapper.framework; includeInIndex = 0; path = Pods_Echo.framework; sourceTree = BUILT_PRODUCTS_DIR; };
		464D5FBB1E8DBD183D729C16 /* Pods-Echo.release.xcconfig */ = {isa = PBXFileReference; includeInIndex = 1; lastKnownFileType = text.xcconfig; name = "Pods-Echo.release.xcconfig"; path = "Pods/Target Support Files/Pods-Echo/Pods-Echo.release.xcconfig"; sourceTree = "<group>"; };
		496250705054A1331BACD5BF /* Pods-Echo.debug.xcconfig */ = {isa = PBXFileReference; includeInIndex = 1; lastKnownFileType = text.xcconfig; name = "Pods-Echo.debug.xcconfig"; path = "Pods/Target Support Files/Pods-Echo/Pods-Echo.debug.xcconfig"; sourceTree = "<group>"; };
		A23D1FBF1D170F74008BA24C /* GoogleService-Info.plist */ = {isa = PBXFileReference; fileEncoding = 4; lastKnownFileType = text.plist.xml; path = "GoogleService-Info.plist"; sourceTree = "<group>"; };
		A23D1FC51D1719B0008BA24C /* UsersViewController.swift */ = {isa = PBXFileReference; fileEncoding = 4; lastKnownFileType = sourcecode.swift; path = UsersViewController.swift; sourceTree = "<group>"; };
		A2C131551D1707F200C2C83E /* Echo.app */ = {isa = PBXFileReference; explicitFileType = wrapper.application; includeInIndex = 0; path = Echo.app; sourceTree = BUILT_PRODUCTS_DIR; };
		A2C131581D1707F200C2C83E /* AppDelegate.swift */ = {isa = PBXFileReference; lastKnownFileType = sourcecode.swift; path = AppDelegate.swift; sourceTree = "<group>"; };
		A2C1315F1D1707F200C2C83E /* Base */ = {isa = PBXFileReference; lastKnownFileType = file.storyboard; name = Base; path = Base.lproj/Main.storyboard; sourceTree = "<group>"; };
		A2C131611D1707F200C2C83E /* Assets.xcassets */ = {isa = PBXFileReference; lastKnownFileType = folder.assetcatalog; path = Assets.xcassets; sourceTree = "<group>"; };
		A2C131641D1707F200C2C83E /* Base */ = {isa = PBXFileReference; lastKnownFileType = file.storyboard; name = Base; path = Base.lproj/LaunchScreen.storyboard; sourceTree = "<group>"; };
		A2C131661D1707F200C2C83E /* Info.plist */ = {isa = PBXFileReference; lastKnownFileType = text.plist.xml; path = Info.plist; sourceTree = "<group>"; };
/* End PBXFileReference section */

/* Begin PBXFrameworksBuildPhase section */
		A2C131521D1707F200C2C83E /* Frameworks */ = {
			isa = PBXFrameworksBuildPhase;
			buildActionMask = 2147483647;
			files = (
				3F3F5FAA9650358716D333BF /* Pods_Echo.framework in Frameworks */,
			);
			runOnlyForDeploymentPostprocessing = 0;
		};
/* End PBXFrameworksBuildPhase section */

/* Begin PBXGroup section */
		3D53FFF8F2ADEFC960015153 /* Frameworks */ = {
			isa = PBXGroup;
			children = (
				3CC98FD07CA0D61A98F60776 /* Pods_Echo.framework */,
			);
			name = Frameworks;
			sourceTree = "<group>";
		};
		9D39C7F58E5E5FC4AAA6BFCE /* Pods */ = {
			isa = PBXGroup;
			children = (
				496250705054A1331BACD5BF /* Pods-Echo.debug.xcconfig */,
				464D5FBB1E8DBD183D729C16 /* Pods-Echo.release.xcconfig */,
			);
			name = Pods;
			sourceTree = "<group>";
		};
		A2C1314C1D1707F200C2C83E = {
			isa = PBXGroup;
			children = (
				A2C131571D1707F200C2C83E /* Echo */,
				A2C131561D1707F200C2C83E /* Products */,
				9D39C7F58E5E5FC4AAA6BFCE /* Pods */,
				3D53FFF8F2ADEFC960015153 /* Frameworks */,
			);
			sourceTree = "<group>";
		};
		A2C131561D1707F200C2C83E /* Products */ = {
			isa = PBXGroup;
			children = (
				A2C131551D1707F200C2C83E /* Echo.app */,
			);
			name = Products;
			sourceTree = "<group>";
		};
		A2C131571D1707F200C2C83E /* Echo */ = {
			isa = PBXGroup;
			children = (
				A2C131581D1707F200C2C83E /* AppDelegate.swift */,
				A23D1FC51D1719B0008BA24C /* UsersViewController.swift */,
				A2C1315E1D1707F200C2C83E /* Main.storyboard */,
				A2C131611D1707F200C2C83E /* Assets.xcassets */,
				A2C131631D1707F200C2C83E /* LaunchScreen.storyboard */,
				A2C131661D1707F200C2C83E /* Info.plist */,
				A23D1FBF1D170F74008BA24C /* GoogleService-Info.plist */,
			);
			path = Echo;
			sourceTree = "<group>";
		};
/* End PBXGroup section */

/* Begin PBXNativeTarget section */
		A2C131541D1707F200C2C83E /* Echo */ = {
			isa = PBXNativeTarget;
			buildConfigurationList = A2C131691D1707F200C2C83E /* Build configuration list for PBXNativeTarget "Echo" */;
			buildPhases = (
				82C817F0535A66460912DD76 /* [CP] Check Pods Manifest.lock */,
				A2C131511D1707F200C2C83E /* Sources */,
				A2C131521D1707F200C2C83E /* Frameworks */,
				A2C131531D1707F200C2C83E /* Resources */,
				BB257ED1647464D9624C6DC2 /* [CP] Embed Pods Frameworks */,
				31B2C269E8FC7169F9B1597C /* [CP] Copy Pods Resources */,
			);
			buildRules = (
			);
			dependencies = (
			);
			name = Echo;
			productName = Echo;
			productReference = A2C131551D1707F200C2C83E /* Echo.app */;
			productType = "com.apple.product-type.application";
		};
/* End PBXNativeTarget section */

/* Begin PBXProject section */
		A2C1314D1D1707F200C2C83E /* Project object */ = {
			isa = PBXProject;
			attributes = {
				LastSwiftUpdateCheck = 0730;
				LastUpgradeCheck = 0730;
				ORGANIZATIONNAME = "Denis Ogun";
				TargetAttributes = {
					A2C131541D1707F200C2C83E = {
						CreatedOnToolsVersion = 7.3.1;
					};
				};
			};
			buildConfigurationList = A2C131501D1707F200C2C83E /* Build configuration list for PBXProject "Echo" */;
			compatibilityVersion = "Xcode 3.2";
			developmentRegion = English;
			hasScannedForEncodings = 0;
			knownRegions = (
				en,
				Base,
			);
			mainGroup = A2C1314C1D1707F200C2C83E;
			productRefGroup = A2C131561D1707F200C2C83E /* Products */;
			projectDirPath = "";
			projectRoot = "";
			targets = (
				A2C131541D1707F200C2C83E /* Echo */,
			);
		};
/* End PBXProject section */

/* Begin PBXResourcesBuildPhase section */
		A2C131531D1707F200C2C83E /* Resources */ = {
			isa = PBXResourcesBuildPhase;
			buildActionMask = 2147483647;
			files = (
				A2C131651D1707F200C2C83E /* LaunchScreen.storyboard in Resources */,
				A23D1FC01D170F74008BA24C /* GoogleService-Info.plist in Resources */,
				A2C131621D1707F200C2C83E /* Assets.xcassets in Resources */,
				A2C131601D1707F200C2C83E /* Main.storyboard in Resources */,
			);
			runOnlyForDeploymentPostprocessing = 0;
		};
/* End PBXResourcesBuildPhase section */

/* Begin PBXShellScriptBuildPhase section */
		31B2C269E8FC7169F9B1597C /* [CP] Copy Pods Resources */ = {
			isa = PBXShellScriptBuildPhase;
			buildActionMask = 2147483647;
			files = (
			);
			inputPaths = (
			);
			name = "[CP] Copy Pods Resources";
			outputPaths = (
			);
			runOnlyForDeploymentPostprocessing = 0;
			shellPath = /bin/sh;
			shellScript = "\"${SRCROOT}/Pods/Target Support Files/Pods-Echo/Pods-Echo-resources.sh\"\n";
			showEnvVarsInLog = 0;
		};
		82C817F0535A66460912DD76 /* [CP] Check Pods Manifest.lock */ = {
			isa = PBXShellScriptBuildPhase;
			buildActionMask = 2147483647;
			files = (
			);
			inputPaths = (
			);
			name = "[CP] Check Pods Manifest.lock";
			outputPaths = (
			);
			runOnlyForDeploymentPostprocessing = 0;
			shellPath = /bin/sh;
			shellScript = "diff \"${PODS_ROOT}/../Podfile.lock\" \"${PODS_ROOT}/Manifest.lock\" > /dev/null\nif [[ $? != 0 ]] ; then\n    cat << EOM\nerror: The sandbox is not in sync with the Podfile.lock. Run 'pod install' or update your CocoaPods installation.\nEOM\n    exit 1\nfi\n";
			showEnvVarsInLog = 0;
		};
		BB257ED1647464D9624C6DC2 /* [CP] Embed Pods Frameworks */ = {
			isa = PBXShellScriptBuildPhase;
			buildActionMask = 2147483647;
			files = (
			);
			inputPaths = (
			);
			name = "[CP] Embed Pods Frameworks";
			outputPaths = (
			);
			runOnlyForDeploymentPostprocessing = 0;
			shellPath = /bin/sh;
			shellScript = "\"${SRCROOT}/Pods/Target Support Files/Pods-Echo/Pods-Echo-frameworks.sh\"\n";
			showEnvVarsInLog = 0;
		};
/* End PBXShellScriptBuildPhase section */

/* Begin PBXSourcesBuildPhase section */
		A2C131511D1707F200C2C83E /* Sources */ = {
			isa = PBXSourcesBuildPhase;
			buildActionMask = 2147483647;
			files = (
				A2C131591D1707F200C2C83E /* AppDelegate.swift in Sources */,
				A23D1FC61D1719B0008BA24C /* UsersViewController.swift in Sources */,
			);
			runOnlyForDeploymentPostprocessing = 0;
		};
/* End PBXSourcesBuildPhase section */

/* Begin PBXVariantGroup section */
		A2C1315E1D1707F200C2C83E /* Main.storyboard */ = {
			isa = PBXVariantGroup;
			children = (
				A2C1315F1D1707F200C2C83E /* Base */,
			);
			name = Main.storyboard;
			sourceTree = "<group>";
		};
		A2C131631D1707F200C2C83E /* LaunchScreen.storyboard */ = {
			isa = PBXVariantGroup;
			children = (
				A2C131641D1707F200C2C83E /* Base */,
			);
			name = LaunchScreen.storyboard;
			sourceTree = "<group>";
		};
/* End PBXVariantGroup section */

/* Begin XCBuildConfiguration section */
		A2C131671D1707F200C2C83E /* Debug */ = {
			isa = XCBuildConfiguration;
			buildSettings = {
				ALWAYS_SEARCH_USER_PATHS = NO;
				CLANG_ANALYZER_NONNULL = YES;
				CLANG_CXX_LANGUAGE_STANDARD = "gnu++0x";
				CLANG_CXX_LIBRARY = "libc++";
				CLANG_ENABLE_MODULES = YES;
				CLANG_ENABLE_OBJC_ARC = YES;
				CLANG_WARN_BOOL_CONVERSION = YES;
				CLANG_WARN_CONSTANT_CONVERSION = YES;
				CLANG_WARN_DIRECT_OBJC_ISA_USAGE = YES_ERROR;
				CLANG_WARN_EMPTY_BODY = YES;
				CLANG_WARN_ENUM_CONVERSION = YES;
				CLANG_WARN_INT_CONVERSION = YES;
				CLANG_WARN_OBJC_ROOT_CLASS = YES_ERROR;
				CLANG_WARN_UNREACHABLE_CODE = YES;
				CLANG_WARN__DUPLICATE_METHOD_MATCH = YES;
				"CODE_SIGN_IDENTITY[sdk=iphoneos*]" = "iPhone Developer";
				COPY_PHASE_STRIP = NO;
				DEBUG_INFORMATION_FORMAT = dwarf;
				ENABLE_STRICT_OBJC_MSGSEND = YES;
				ENABLE_TESTABILITY = YES;
				GCC_C_LANGUAGE_STANDARD = gnu99;
				GCC_DYNAMIC_NO_PIC = NO;
				GCC_NO_COMMON_BLOCKS = YES;
				GCC_OPTIMIZATION_LEVEL = 0;
				GCC_PREPROCESSOR_DEFINITIONS = (
					"DEBUG=1",
					"$(inherited)",
				);
				GCC_WARN_64_TO_32_BIT_CONVERSION = YES;
				GCC_WARN_ABOUT_RETURN_TYPE = YES_ERROR;
				GCC_WARN_UNDECLARED_SELECTOR = YES;
				GCC_WARN_UNINITIALIZED_AUTOS = YES_AGGRESSIVE;
				GCC_WARN_UNUSED_FUNCTION = YES;
				GCC_WARN_UNUSED_VARIABLE = YES;
				IPHONEOS_DEPLOYMENT_TARGET = 9.3;
				MTL_ENABLE_DEBUG_INFO = YES;
				ONLY_ACTIVE_ARCH = YES;
				SDKROOT = iphoneos;
				SWIFT_OPTIMIZATION_LEVEL = "-Onone";
				TARGETED_DEVICE_FAMILY = "1,2";
			};
			name = Debug;
		};
		A2C131681D1707F200C2C83E /* Release */ = {
			isa = XCBuildConfiguration;
			buildSettings = {
				ALWAYS_SEARCH_USER_PATHS = NO;
				CLANG_ANALYZER_NONNULL = YES;
				CLANG_CXX_LANGUAGE_STANDARD = "gnu++0x";
				CLANG_CXX_LIBRARY = "libc++";
				CLANG_ENABLE_MODULES = YES;
				CLANG_ENABLE_OBJC_ARC = YES;
				CLANG_WARN_BOOL_CONVERSION = YES;
				CLANG_WARN_CONSTANT_CONVERSION = YES;
				CLANG_WARN_DIRECT_OBJC_ISA_USAGE = YES_ERROR;
				CLANG_WARN_EMPTY_BODY = YES;
				CLANG_WARN_ENUM_CONVERSION = YES;
				CLANG_WARN_INT_CONVERSION = YES;
				CLANG_WARN_OBJC_ROOT_CLASS = YES_ERROR;
				CLANG_WARN_UNREACHABLE_CODE = YES;
				CLANG_WARN__DUPLICATE_METHOD_MATCH = YES;
				"CODE_SIGN_IDENTITY[sdk=iphoneos*]" = "iPhone Developer";
				COPY_PHASE_STRIP = NO;
				DEBUG_INFORMATION_FORMAT = "dwarf-with-dsym";
				ENABLE_NS_ASSERTIONS = NO;
				ENABLE_STRICT_OBJC_MSGSEND = YES;
				GCC_C_LANGUAGE_STANDARD = gnu99;
				GCC_NO_COMMON_BLOCKS = YES;
				GCC_WARN_64_TO_32_BIT_CONVERSION = YES;
				GCC_WARN_ABOUT_RETURN_TYPE = YES_ERROR;
				GCC_WARN_UNDECLARED_SELECTOR = YES;
				GCC_WARN_UNINITIALIZED_AUTOS = YES_AGGRESSIVE;
				GCC_WARN_UNUSED_FUNCTION = YES;
				GCC_WARN_UNUSED_VARIABLE = YES;
				IPHONEOS_DEPLOYMENT_TARGET = 9.3;
				MTL_ENABLE_DEBUG_INFO = NO;
				SDKROOT = iphoneos;
				TARGETED_DEVICE_FAMILY = "1,2";
				VALIDATE_PRODUCT = YES;
			};
			name = Release;
		};
		A2C1316A1D1707F200C2C83E /* Debug */ = {
			isa = XCBuildConfiguration;
			baseConfigurationReference = 496250705054A1331BACD5BF /* Pods-Echo.debug.xcconfig */;
			buildSettings = {
				ASSETCATALOG_COMPILER_APPICON_NAME = AppIcon;
				INFOPLIST_FILE = Echo/Info.plist;
				LD_RUNPATH_SEARCH_PATHS = "$(inherited) @executable_path/Frameworks";
				PRODUCT_BUNDLE_IDENTIFIER = com.den.Echo;
				PRODUCT_NAME = "$(TARGET_NAME)";
			};
			name = Debug;
		};
		A2C1316B1D1707F200C2C83E /* Release */ = {
			isa = XCBuildConfiguration;
			baseConfigurationReference = 464D5FBB1E8DBD183D729C16 /* Pods-Echo.release.xcconfig */;
			buildSettings = {
				ASSETCATALOG_COMPILER_APPICON_NAME = AppIcon;
				INFOPLIST_FILE = Echo/Info.plist;
				LD_RUNPATH_SEARCH_PATHS = "$(inherited) @executable_path/Frameworks";
				PRODUCT_BUNDLE_IDENTIFIER = com.den.Echo;
				PRODUCT_NAME = "$(TARGET_NAME)";
			};
			name = Release;
		};
/* End XCBuildConfiguration section */

/* Begin XCConfigurationList section */
		A2C131501D1707F200C2C83E /* Build configuration list for PBXProject "Echo" */ = {
			isa = XCConfigurationList;
			buildConfigurations = (
				A2C131671D1707F200C2C83E /* Debug */,
				A2C131681D1707F200C2C83E /* Release */,
			);
			defaultConfigurationIsVisible = 0;
			defaultConfigurationName = Release;
		};
		A2C131691D1707F200C2C83E /* Build configuration list for PBXNativeTarget "Echo" */ = {
			isa = XCConfigurationList;
			buildConfigurations = (
				A2C1316A1D1707F200C2C83E /* Debug */,
				A2C1316B1D1707F200C2C83E /* Release */,
			);
			defaultConfigurationIsVisible = 0;
			defaultConfigurationName = Release;
		};
/* End XCConfigurationList section */
	};
	rootObject = A2C1314D1D1707F200C2C83E /* Project object */;
}
